<?xml version="1.0" encoding="utf-8"?>
<Project ToolsVersion="4.0" xmlns="http://schemas.microsoft.com/developer/msbuild/2003">
  <ItemGroup>
    <ClCompile Include="test_ComputerConstructor.cpp">
      <Filter>ソース ファイル</Filter>
    </ClCompile>
    <ClCompile Include="test_ComputerExplicitForces.cpp">
      <Filter>ソース ファイル</Filter>
    </ClCompile>
    <ClCompile Include="test_ComputerImplicitForces.cpp">
      <Filter>ソース ファイル</Filter>
    </ClCompile>
    <ClCompile Include="test_ComputerMatrix.cpp">
      <Filter>ソース ファイル</Filter>
    </ClCompile>
    <ClCompile Include="test_ComputerNumberDensity.cpp">
      <Filter>ソース ファイル</Filter>
    </ClCompile>
    <ClCompile Include="test_ComputerConjugateGradient.cpp">
      <Filter>ソース ファイル</Filter>
    </ClCompile>
    <ClCompile Include="test_ComputerPressureGradient.cpp">
      <Filter>ソース ファイル</Filter>
    </ClCompile>
    <ClCompile Include="test_ComputerNeighborDensityVariation.cpp">
      <Filter>ソース ファイル</Filter>
    </ClCompile>
  </ItemGroup>
  <ItemGroup>
    <Filter Include="ソース ファイル">
      <UniqueIdentifier>{86b84662-a0cd-4c17-83ec-f63b5bac81a1}</UniqueIdentifier>
    </Filter>
    <Filter Include="ヘッダー ファイル">
      <UniqueIdentifier>{36daa90d-9210-4a20-8a66-bf9adead62a0}</UniqueIdentifier>
    </Filter>
  </ItemGroup>
  <ItemGroup>
    <ClInclude Include="..\Computer.hpp">
      <Filter>ヘッダー ファイル</Filter>
    </ClInclude>
    <ClInclude Include="..\ComputingCondition.hpp">
      <Filter>ヘッダー ファイル</Filter>
    </ClInclude>
    <ClInclude Include="..\defines.hpp">
      <Filter>ヘッダー ファイル</Filter>
    </ClInclude>
    <ClInclude Include="..\Environment.hpp">
      <Filter>ヘッダー ファイル</Filter>
    </ClInclude>
    <ClInclude Include="..\Grid.hpp">
      <Filter>ヘッダー ファイル</Filter>
    </ClInclude>
    <ClInclude Include="..\Particle.hpp">
      <Filter>ヘッダー ファイル</Filter>
    </ClInclude>
    <ClInclude Include="..\Vector.hpp">
      <Filter>ヘッダー ファイル</Filter>
    </ClInclude>
  </ItemGroup>
</Project>