
Microsoft Visual Studio Solution File, Format Version 12.00
# Visual Studio Version 16
VisualStudioVersion = 16.0.29009.5
MinimumVisualStudioVersion = 10.0.40219.1
Project("{8BC9CEB8-8B4A-11D0-8D11-00A0C91BC942}") = "test", "test.vcxproj", "{B1169179-AA9C-4115-B195-A3639D0C01CC}"
EndProject
Global
	GlobalSection(SolutionConfigurationPlatforms) = preSolution
		Debug|x64 = Debug|x64
		Debug|x86 = Debug|x86
		Release|x64 = Release|x64
		Release|x86 = Release|x86
	EndGlobalSection
	GlobalSection(ProjectConfigurationPlatforms) = postSolution
		{B1169179-AA9C-4115-B195-A3639D0C01CC}.Debug|x64.ActiveCfg = Debug|x64
		{B1169179-AA9C-4115-B195-A3639D0C01CC}.Debug|x64.Build.0 = Debug|x64
		{B1169179-AA9C-4115-B195-A3639D0C01CC}.Debug|x86.ActiveCfg = Debug|Win32
		{B1169179-AA9C-4115-B195-A3639D0C01CC}.Debug|x86.Build.0 = Debug|Win32
		{B1169179-AA9C-4115-B195-A3639D0C01CC}.Release|x64.ActiveCfg = Release|x64
		{B1169179-AA9C-4115-B195-A3639D0C01CC}.Release|x64.Build.0 = Release|x64
		{B1169179-AA9C-4115-B195-A3639D0C01CC}.Release|x86.ActiveCfg = Release|Win32
		{B1169179-AA9C-4115-B195-A3639D0C01CC}.Release|x86.Build.0 = Release|Win32
	EndGlobalSection
	GlobalSection(SolutionProperties) = preSolution
		HideSolutionNode = FALSE
	EndGlobalSection
	GlobalSection(ExtensibilityGlobals) = postSolution
		SolutionGuid = {8068E637-9576-4E35-B50A-0C20B9AA3B45}
	EndGlobalSection
EndGlobal
